// !$*UTF8*$!
{
	archiveVersion = 1;
	classes = {
	};
	objectVersion = 50;
	objects = {

/* Begin PBXBuildFile section */
		7BDD3A9325256D760092B0C8 /* AppDelegate.m in Sources */ = {isa = PBXBuildFile; fileRef = 7BDD3A9225256D760092B0C8 /* AppDelegate.m */; };
		7BDD3A9625256D760092B0C8 /* SceneDelegate.m in Sources */ = {isa = PBXBuildFile; fileRef = 7BDD3A9525256D760092B0C8 /* SceneDelegate.m */; };
		7BDD3A9C25256D760092B0C8 /* Main.storyboard in Resources */ = {isa = PBXBuildFile; fileRef = 7BDD3A9A25256D760092B0C8 /* Main.storyboard */; };
		7BDD3A9E25256D780092B0C8 /* Assets.xcassets in Resources */ = {isa = PBXBuildFile; fileRef = 7BDD3A9D25256D780092B0C8 /* Assets.xcassets */; };
		7BDD3AA125256D780092B0C8 /* LaunchScreen.storyboard in Resources */ = {isa = PBXBuildFile; fileRef = 7BDD3A9F25256D780092B0C8 /* LaunchScreen.storyboard */; };
		7BDD3AA425256D780092B0C8 /* main.m in Sources */ = {isa = PBXBuildFile; fileRef = 7BDD3AA325256D780092B0C8 /* main.m */; };
		7BDD3ABB2525719D0092B0C8 /* LSIErrors.m in Sources */ = {isa = PBXBuildFile; fileRef = 7BDD3AB52525719C0092B0C8 /* LSIErrors.m */; };
		7BDD3ABC2525719D0092B0C8 /* LSILog.m in Sources */ = {isa = PBXBuildFile; fileRef = 7BDD3AB62525719C0092B0C8 /* LSILog.m */; };
		7BDD3ABD2525719D0092B0C8 /* URL+Secure.swift in Sources */ = {isa = PBXBuildFile; fileRef = 7BDD3AB72525719C0092B0C8 /* URL+Secure.swift */; };
		7BDD3ABE2525719D0092B0C8 /* LSIFileHelper.m in Sources */ = {isa = PBXBuildFile; fileRef = 7BDD3ABA2525719C0092B0C8 /* LSIFileHelper.m */; };
		7BDD3AD22526B8CC0092B0C8 /* DetailViewController.swift in Sources */ = {isa = PBXBuildFile; fileRef = 7BDD3AD12526B8CC0092B0C8 /* DetailViewController.swift */; };
		7BDD3ADB2526C1AA0092B0C8 /* LSINetworkController.m in Sources */ = {isa = PBXBuildFile; fileRef = 7BDD3AD92526C1AA0092B0C8 /* LSINetworkController.m */; };
/* End PBXBuildFile section */

/* Begin PBXFileReference section */
		7BDD3A8E25256D760092B0C8 /* Astronomy - Objective-C and Swift.app */ = {isa = PBXFileReference; explicitFileType = wrapper.application; includeInIndex = 0; path = "Astronomy - Objective-C and Swift.app"; sourceTree = BUILT_PRODUCTS_DIR; };
		7BDD3A9125256D760092B0C8 /* AppDelegate.h */ = {isa = PBXFileReference; lastKnownFileType = sourcecode.c.h; path = AppDelegate.h; sourceTree = "<group>"; };
		7BDD3A9225256D760092B0C8 /* AppDelegate.m */ = {isa = PBXFileReference; lastKnownFileType = sourcecode.c.objc; path = AppDelegate.m; sourceTree = "<group>"; };
		7BDD3A9425256D760092B0C8 /* SceneDelegate.h */ = {isa = PBXFileReference; lastKnownFileType = sourcecode.c.h; path = SceneDelegate.h; sourceTree = "<group>"; };
		7BDD3A9525256D760092B0C8 /* SceneDelegate.m */ = {isa = PBXFileReference; lastKnownFileType = sourcecode.c.objc; path = SceneDelegate.m; sourceTree = "<group>"; };
		7BDD3A9B25256D760092B0C8 /* Base */ = {isa = PBXFileReference; lastKnownFileType = file.storyboard; name = Base; path = Base.lproj/Main.storyboard; sourceTree = "<group>"; };
		7BDD3A9D25256D780092B0C8 /* Assets.xcassets */ = {isa = PBXFileReference; lastKnownFileType = folder.assetcatalog; path = Assets.xcassets; sourceTree = "<group>"; };
		7BDD3AA025256D780092B0C8 /* Base */ = {isa = PBXFileReference; lastKnownFileType = file.storyboard; name = Base; path = Base.lproj/LaunchScreen.storyboard; sourceTree = "<group>"; };
		7BDD3AA225256D780092B0C8 /* Info.plist */ = {isa = PBXFileReference; lastKnownFileType = text.plist.xml; path = Info.plist; sourceTree = "<group>"; };
		7BDD3AA325256D780092B0C8 /* main.m */ = {isa = PBXFileReference; lastKnownFileType = sourcecode.c.objc; path = main.m; sourceTree = "<group>"; };
		7BDD3AB32525719C0092B0C8 /* Astronomy - Objective-C and Swift-Bridging-Header.h */ = {isa = PBXFileReference; lastKnownFileType = sourcecode.c.h; path = "Astronomy - Objective-C and Swift-Bridging-Header.h"; sourceTree = "<group>"; };
		7BDD3AB42525719C0092B0C8 /* LSILog.h */ = {isa = PBXFileReference; fileEncoding = 4; lastKnownFileType = sourcecode.c.h; name = LSILog.h; path = "Astronomy - Objective-C and Swift/LSILog.h"; sourceTree = SOURCE_ROOT; };
		7BDD3AB52525719C0092B0C8 /* LSIErrors.m */ = {isa = PBXFileReference; fileEncoding = 4; lastKnownFileType = sourcecode.c.objc; name = LSIErrors.m; path = "Astronomy - Objective-C and Swift/LSIErrors.m"; sourceTree = SOURCE_ROOT; };
		7BDD3AB62525719C0092B0C8 /* LSILog.m */ = {isa = PBXFileReference; fileEncoding = 4; lastKnownFileType = sourcecode.c.objc; name = LSILog.m; path = "Astronomy - Objective-C and Swift/LSILog.m"; sourceTree = SOURCE_ROOT; };
		7BDD3AB72525719C0092B0C8 /* URL+Secure.swift */ = {isa = PBXFileReference; fileEncoding = 4; lastKnownFileType = sourcecode.swift; name = "URL+Secure.swift"; path = "Astronomy - Objective-C and Swift/URL+Secure.swift"; sourceTree = SOURCE_ROOT; };
		7BDD3AB82525719C0092B0C8 /* LSIErrors.h */ = {isa = PBXFileReference; fileEncoding = 4; lastKnownFileType = sourcecode.c.h; name = LSIErrors.h; path = "Astronomy - Objective-C and Swift/LSIErrors.h"; sourceTree = SOURCE_ROOT; };
		7BDD3AB92525719C0092B0C8 /* LSIFileHelper.h */ = {isa = PBXFileReference; fileEncoding = 4; lastKnownFileType = sourcecode.c.h; name = LSIFileHelper.h; path = "Astronomy - Objective-C and Swift/LSIFileHelper.h"; sourceTree = SOURCE_ROOT; };
		7BDD3ABA2525719C0092B0C8 /* LSIFileHelper.m */ = {isa = PBXFileReference; fileEncoding = 4; lastKnownFileType = sourcecode.c.objc; name = LSIFileHelper.m; path = "Astronomy - Objective-C and Swift/LSIFileHelper.m"; sourceTree = SOURCE_ROOT; };
		7BDD3AD12526B8CC0092B0C8 /* DetailViewController.swift */ = {isa = PBXFileReference; lastKnownFileType = sourcecode.swift; path = DetailViewController.swift; sourceTree = "<group>"; };
		7BDD3AD92526C1AA0092B0C8 /* LSINetworkController.m */ = {isa = PBXFileReference; fileEncoding = 4; lastKnownFileType = sourcecode.c.objc; name = LSINetworkController.m; path = "Astronomy - Objective-C and Swift/LSINetworkController.m"; sourceTree = SOURCE_ROOT; };
		7BDD3ADA2526C1AA0092B0C8 /* LSINetworkController.h */ = {isa = PBXFileReference; fileEncoding = 4; lastKnownFileType = sourcecode.c.h; name = LSINetworkController.h; path = "Astronomy - Objective-C and Swift/LSINetworkController.h"; sourceTree = SOURCE_ROOT; };
/* End PBXFileReference section */

/* Begin PBXFrameworksBuildPhase section */
		7BDD3A8B25256D760092B0C8 /* Frameworks */ = {
			isa = PBXFrameworksBuildPhase;
			buildActionMask = 2147483647;
			files = (
			);
			runOnlyForDeploymentPostprocessing = 0;
		};
/* End PBXFrameworksBuildPhase section */

/* Begin PBXGroup section */
		7BDD3A8525256D760092B0C8 = {
			isa = PBXGroup;
			children = (
				7BDD3A8F25256D760092B0C8 /* Products */,
				7BDD3A9025256D760092B0C8 /* Astronomy - Objective-C and Swift */,
			);
			sourceTree = "<group>";
		};
		7BDD3A8F25256D760092B0C8 /* Products */ = {
			isa = PBXGroup;
			children = (
				7BDD3A8E25256D760092B0C8 /* Astronomy - Objective-C and Swift.app */,
			);
			name = Products;
			sourceTree = "<group>";
		};
		7BDD3A9025256D760092B0C8 /* Astronomy - Objective-C and Swift */ = {
			isa = PBXGroup;
			children = (
				7BDD3AD42526BC7F0092B0C8 /* Lambda stuff */,
				7BDD3AAB25256DEB0092B0C8 /* Other */,
				7BDD3ADD2526C1C00092B0C8 /* Networking */,
				7BDD3AAD25256E200092B0C8 /* View Controllers */,
				7BDD3AAC25256E010092B0C8 /* Storyboards */,
				7BDD3AA325256D780092B0C8 /* main.m */,
				7BDD3AA225256D780092B0C8 /* Info.plist */,
			);
			path = "Astronomy - Objective-C and Swift";
			sourceTree = "<group>";
		};
		7BDD3AAB25256DEB0092B0C8 /* Other */ = {
			isa = PBXGroup;
			children = (
				7BDD3A9125256D760092B0C8 /* AppDelegate.h */,
				7BDD3A9225256D760092B0C8 /* AppDelegate.m */,
				7BDD3A9425256D760092B0C8 /* SceneDelegate.h */,
				7BDD3A9525256D760092B0C8 /* SceneDelegate.m */,
				7BDD3A9D25256D780092B0C8 /* Assets.xcassets */,
			);
			name = Other;
			sourceTree = "<group>";
		};
		7BDD3AAC25256E010092B0C8 /* Storyboards */ = {
			isa = PBXGroup;
			children = (
				7BDD3A9A25256D760092B0C8 /* Main.storyboard */,
				7BDD3A9F25256D780092B0C8 /* LaunchScreen.storyboard */,
			);
			path = Storyboards;
			sourceTree = "<group>";
		};
		7BDD3AAD25256E200092B0C8 /* View Controllers */ = {
			isa = PBXGroup;
			children = (
				7BDD3AD12526B8CC0092B0C8 /* DetailViewController.swift */,
			);
			name = "View Controllers";
			sourceTree = "<group>";
		};
		7BDD3AD42526BC7F0092B0C8 /* Lambda stuff */ = {
			isa = PBXGroup;
			children = (
				7BDD3AB32525719C0092B0C8 /* Astronomy - Objective-C and Swift-Bridging-Header.h */,
				7BDD3AB82525719C0092B0C8 /* LSIErrors.h */,
				7BDD3AB52525719C0092B0C8 /* LSIErrors.m */,
				7BDD3AB92525719C0092B0C8 /* LSIFileHelper.h */,
				7BDD3ABA2525719C0092B0C8 /* LSIFileHelper.m */,
				7BDD3AB42525719C0092B0C8 /* LSILog.h */,
				7BDD3AB62525719C0092B0C8 /* LSILog.m */,
				7BDD3AB72525719C0092B0C8 /* URL+Secure.swift */,
			);
			name = "Lambda stuff";
			sourceTree = "<group>";
		};
		7BDD3ADD2526C1C00092B0C8 /* Networking */ = {
			isa = PBXGroup;
			children = (
				7BDD3ADA2526C1AA0092B0C8 /* LSINetworkController.h */,
				7BDD3AD92526C1AA0092B0C8 /* LSINetworkController.m */,
			);
			name = Networking;
			sourceTree = "<group>";
		};
/* End PBXGroup section */

/* Begin PBXNativeTarget section */
		7BDD3A8D25256D760092B0C8 /* Astronomy - Objective-C and Swift */ = {
			isa = PBXNativeTarget;
			buildConfigurationList = 7BDD3AA725256D780092B0C8 /* Build configuration list for PBXNativeTarget "Astronomy - Objective-C and Swift" */;
			buildPhases = (
				7BDD3A8A25256D760092B0C8 /* Sources */,
				7BDD3A8B25256D760092B0C8 /* Frameworks */,
				7BDD3A8C25256D760092B0C8 /* Resources */,
			);
			buildRules = (
			);
			dependencies = (
			);
			name = "Astronomy - Objective-C and Swift";
			productName = "Astronomy - Objective-C and Swift";
			productReference = 7BDD3A8E25256D760092B0C8 /* Astronomy - Objective-C and Swift.app */;
			productType = "com.apple.product-type.application";
		};
/* End PBXNativeTarget section */

/* Begin PBXProject section */
		7BDD3A8625256D760092B0C8 /* Project object */ = {
			isa = PBXProject;
			attributes = {
				CLASSPREFIX = LSI;
				LastUpgradeCheck = 1200;
				TargetAttributes = {
					7BDD3A8D25256D760092B0C8 = {
						CreatedOnToolsVersion = 12.0.1;
						LastSwiftMigration = 1200;
					};
				};
			};
			buildConfigurationList = 7BDD3A8925256D760092B0C8 /* Build configuration list for PBXProject "Astronomy - Objective-C and Swift" */;
			compatibilityVersion = "Xcode 9.3";
			developmentRegion = en;
			hasScannedForEncodings = 0;
			knownRegions = (
				en,
				Base,
			);
			mainGroup = 7BDD3A8525256D760092B0C8;
			productRefGroup = 7BDD3A8F25256D760092B0C8 /* Products */;
			projectDirPath = "";
			projectRoot = "";
			targets = (
				7BDD3A8D25256D760092B0C8 /* Astronomy - Objective-C and Swift */,
			);
		};
/* End PBXProject section */

/* Begin PBXResourcesBuildPhase section */
		7BDD3A8C25256D760092B0C8 /* Resources */ = {
			isa = PBXResourcesBuildPhase;
			buildActionMask = 2147483647;
			files = (
				7BDD3AA125256D780092B0C8 /* LaunchScreen.storyboard in Resources */,
				7BDD3A9E25256D780092B0C8 /* Assets.xcassets in Resources */,
				7BDD3A9C25256D760092B0C8 /* Main.storyboard in Resources */,
			);
			runOnlyForDeploymentPostprocessing = 0;
		};
/* End PBXResourcesBuildPhase section */

/* Begin PBXSourcesBuildPhase section */
		7BDD3A8A25256D760092B0C8 /* Sources */ = {
			isa = PBXSourcesBuildPhase;
			buildActionMask = 2147483647;
			files = (
				7BDD3AD22526B8CC0092B0C8 /* DetailViewController.swift in Sources */,
				7BDD3ABC2525719D0092B0C8 /* LSILog.m in Sources */,
				7BDD3ABE2525719D0092B0C8 /* LSIFileHelper.m in Sources */,
				7BDD3A9325256D760092B0C8 /* AppDelegate.m in Sources */,
				7BDD3AA425256D780092B0C8 /* main.m in Sources */,
				7BDD3ABD2525719D0092B0C8 /* URL+Secure.swift in Sources */,
				7BDD3ABB2525719D0092B0C8 /* LSIErrors.m in Sources */,
				7BDD3ADB2526C1AA0092B0C8 /* LSINetworkController.m in Sources */,
				7BDD3A9625256D760092B0C8 /* SceneDelegate.m in Sources */,
			);
			runOnlyForDeploymentPostprocessing = 0;
		};
/* End PBXSourcesBuildPhase section */

/* Begin PBXVariantGroup section */
		7BDD3A9A25256D760092B0C8 /* Main.storyboard */ = {
			isa = PBXVariantGroup;
			children = (
				7BDD3A9B25256D760092B0C8 /* Base */,
			);
			name = Main.storyboard;
			sourceTree = "<group>";
		};
		7BDD3A9F25256D780092B0C8 /* LaunchScreen.storyboard */ = {
			isa = PBXVariantGroup;
			children = (
				7BDD3AA025256D780092B0C8 /* Base */,
			);
			name = LaunchScreen.storyboard;
			sourceTree = "<group>";
		};
/* End PBXVariantGroup section */

/* Begin XCBuildConfiguration section */
		7BDD3AA525256D780092B0C8 /* Debug */ = {
			isa = XCBuildConfiguration;
			buildSettings = {
				ALWAYS_SEARCH_USER_PATHS = NO;
				CLANG_ANALYZER_NONNULL = YES;
				CLANG_ANALYZER_NUMBER_OBJECT_CONVERSION = YES_AGGRESSIVE;
				CLANG_CXX_LANGUAGE_STANDARD = "gnu++14";
				CLANG_CXX_LIBRARY = "libc++";
				CLANG_ENABLE_MODULES = YES;
				CLANG_ENABLE_OBJC_ARC = YES;
				CLANG_ENABLE_OBJC_WEAK = YES;
				CLANG_WARN_BLOCK_CAPTURE_AUTORELEASING = YES;
				CLANG_WARN_BOOL_CONVERSION = YES;
				CLANG_WARN_COMMA = YES;
				CLANG_WARN_CONSTANT_CONVERSION = YES;
				CLANG_WARN_DEPRECATED_OBJC_IMPLEMENTATIONS = YES;
				CLANG_WARN_DIRECT_OBJC_ISA_USAGE = YES_ERROR;
				CLANG_WARN_DOCUMENTATION_COMMENTS = YES;
				CLANG_WARN_EMPTY_BODY = YES;
				CLANG_WARN_ENUM_CONVERSION = YES;
				CLANG_WARN_INFINITE_RECURSION = YES;
				CLANG_WARN_INT_CONVERSION = YES;
				CLANG_WARN_NON_LITERAL_NULL_CONVERSION = YES;
				CLANG_WARN_OBJC_IMPLICIT_RETAIN_SELF = YES;
				CLANG_WARN_OBJC_LITERAL_CONVERSION = YES;
				CLANG_WARN_OBJC_ROOT_CLASS = YES_ERROR;
				CLANG_WARN_QUOTED_INCLUDE_IN_FRAMEWORK_HEADER = YES;
				CLANG_WARN_RANGE_LOOP_ANALYSIS = YES;
				CLANG_WARN_STRICT_PROTOTYPES = YES;
				CLANG_WARN_SUSPICIOUS_MOVE = YES;
				CLANG_WARN_UNGUARDED_AVAILABILITY = YES_AGGRESSIVE;
				CLANG_WARN_UNREACHABLE_CODE = YES;
				CLANG_WARN__DUPLICATE_METHOD_MATCH = YES;
				COPY_PHASE_STRIP = NO;
				DEBUG_INFORMATION_FORMAT = dwarf;
				ENABLE_STRICT_OBJC_MSGSEND = YES;
				ENABLE_TESTABILITY = YES;
				GCC_C_LANGUAGE_STANDARD = gnu11;
				GCC_DYNAMIC_NO_PIC = NO;
				GCC_NO_COMMON_BLOCKS = YES;
				GCC_OPTIMIZATION_LEVEL = 0;
				GCC_PREPROCESSOR_DEFINITIONS = (
					"DEBUG=1",
					"$(inherited)",
				);
				GCC_WARN_64_TO_32_BIT_CONVERSION = YES;
				GCC_WARN_ABOUT_RETURN_TYPE = YES_ERROR;
				GCC_WARN_UNDECLARED_SELECTOR = YES;
				GCC_WARN_UNINITIALIZED_AUTOS = YES_AGGRESSIVE;
				GCC_WARN_UNUSED_FUNCTION = YES;
				GCC_WARN_UNUSED_VARIABLE = YES;
				IPHONEOS_DEPLOYMENT_TARGET = 14.0;
				MTL_ENABLE_DEBUG_INFO = INCLUDE_SOURCE;
				MTL_FAST_MATH = YES;
				ONLY_ACTIVE_ARCH = YES;
				SDKROOT = iphoneos;
			};
			name = Debug;
		};
		7BDD3AA625256D780092B0C8 /* Release */ = {
			isa = XCBuildConfiguration;
			buildSettings = {
				ALWAYS_SEARCH_USER_PATHS = NO;
				CLANG_ANALYZER_NONNULL = YES;
				CLANG_ANALYZER_NUMBER_OBJECT_CONVERSION = YES_AGGRESSIVE;
				CLANG_CXX_LANGUAGE_STANDARD = "gnu++14";
				CLANG_CXX_LIBRARY = "libc++";
				CLANG_ENABLE_MODULES = YES;
				CLANG_ENABLE_OBJC_ARC = YES;
				CLANG_ENABLE_OBJC_WEAK = YES;
				CLANG_WARN_BLOCK_CAPTURE_AUTORELEASING = YES;
				CLANG_WARN_BOOL_CONVERSION = YES;
				CLANG_WARN_COMMA = YES;
				CLANG_WARN_CONSTANT_CONVERSION = YES;
				CLANG_WARN_DEPRECATED_OBJC_IMPLEMENTATIONS = YES;
				CLANG_WARN_DIRECT_OBJC_ISA_USAGE = YES_ERROR;
				CLANG_WARN_DOCUMENTATION_COMMENTS = YES;
				CLANG_WARN_EMPTY_BODY = YES;
				CLANG_WARN_ENUM_CONVERSION = YES;
				CLANG_WARN_INFINITE_RECURSION = YES;
				CLANG_WARN_INT_CONVERSION = YES;
				CLANG_WARN_NON_LITERAL_NULL_CONVERSION = YES;
				CLANG_WARN_OBJC_IMPLICIT_RETAIN_SELF = YES;
				CLANG_WARN_OBJC_LITERAL_CONVERSION = YES;
				CLANG_WARN_OBJC_ROOT_CLASS = YES_ERROR;
				CLANG_WARN_QUOTED_INCLUDE_IN_FRAMEWORK_HEADER = YES;
				CLANG_WARN_RANGE_LOOP_ANALYSIS = YES;
				CLANG_WARN_STRICT_PROTOTYPES = YES;
				CLANG_WARN_SUSPICIOUS_MOVE = YES;
				CLANG_WARN_UNGUARDED_AVAILABILITY = YES_AGGRESSIVE;
				CLANG_WARN_UNREACHABLE_CODE = YES;
				CLANG_WARN__DUPLICATE_METHOD_MATCH = YES;
				COPY_PHASE_STRIP = NO;
				DEBUG_INFORMATION_FORMAT = "dwarf-with-dsym";
				ENABLE_NS_ASSERTIONS = NO;
				ENABLE_STRICT_OBJC_MSGSEND = YES;
				GCC_C_LANGUAGE_STANDARD = gnu11;
				GCC_NO_COMMON_BLOCKS = YES;
				GCC_WARN_64_TO_32_BIT_CONVERSION = YES;
				GCC_WARN_ABOUT_RETURN_TYPE = YES_ERROR;
				GCC_WARN_UNDECLARED_SELECTOR = YES;
				GCC_WARN_UNINITIALIZED_AUTOS = YES_AGGRESSIVE;
				GCC_WARN_UNUSED_FUNCTION = YES;
				GCC_WARN_UNUSED_VARIABLE = YES;
				IPHONEOS_DEPLOYMENT_TARGET = 14.0;
				MTL_ENABLE_DEBUG_INFO = NO;
				MTL_FAST_MATH = YES;
				SDKROOT = iphoneos;
				VALIDATE_PRODUCT = YES;
			};
			name = Release;
		};
		7BDD3AA825256D780092B0C8 /* Debug */ = {
			isa = XCBuildConfiguration;
			buildSettings = {
				ASSETCATALOG_COMPILER_APPICON_NAME = AppIcon;
				ASSETCATALOG_COMPILER_GLOBAL_ACCENT_COLOR_NAME = AccentColor;
				CLANG_ENABLE_MODULES = YES;
				CODE_SIGN_STYLE = Automatic;
				DEVELOPMENT_TEAM = DX3RFUH2S9;
				INFOPLIST_FILE = "Astronomy - Objective-C and Swift/Info.plist";
				LD_RUNPATH_SEARCH_PATHS = (
					"$(inherited)",
					"@executable_path/Frameworks",
				);
				PRODUCT_BUNDLE_IDENTIFIER = "idelbiw.Astronomy---Objective-C-and-Swift";
				PRODUCT_NAME = "$(TARGET_NAME)";
				SWIFT_OBJC_BRIDGING_HEADER = "Astronomy - Objective-C and Swift/Astronomy - Objective-C and Swift-Bridging-Header.h";
				SWIFT_OPTIMIZATION_LEVEL = "-Onone";
				SWIFT_VERSION = 5.0;
				TARGETED_DEVICE_FAMILY = "1,2";
			};
			name = Debug;
		};
		7BDD3AA925256D780092B0C8 /* Release */ = {
			isa = XCBuildConfiguration;
			buildSettings = {
				ASSETCATALOG_COMPILER_APPICON_NAME = AppIcon;
				ASSETCATALOG_COMPILER_GLOBAL_ACCENT_COLOR_NAME = AccentColor;
				CLANG_ENABLE_MODULES = YES;
				CODE_SIGN_STYLE = Automatic;
				DEVELOPMENT_TEAM = DX3RFUH2S9;
				INFOPLIST_FILE = "Astronomy - Objective-C and Swift/Info.plist";
				LD_RUNPATH_SEARCH_PATHS = (
					"$(inherited)",
					"@executable_path/Frameworks",
				);
				PRODUCT_BUNDLE_IDENTIFIER = "idelbiw.Astronomy---Objective-C-and-Swift";
				PRODUCT_NAME = "$(TARGET_NAME)";
				SWIFT_OBJC_BRIDGING_HEADER = "Astronomy - Objective-C and Swift/Astronomy - Objective-C and Swift-Bridging-Header.h";
				SWIFT_VERSION = 5.0;
				TARGETED_DEVICE_FAMILY = "1,2";
			};
			name = Release;
		};
/* End XCBuildConfiguration section */

/* Begin XCConfigurationList section */
		7BDD3A8925256D760092B0C8 /* Build configuration list for PBXProject "Astronomy - Objective-C and Swift" */ = {
			isa = XCConfigurationList;
			buildConfigurations = (
				7BDD3AA525256D780092B0C8 /* Debug */,
				7BDD3AA625256D780092B0C8 /* Release */,
			);
			defaultConfigurationIsVisible = 0;
			defaultConfigurationName = Release;
		};
		7BDD3AA725256D780092B0C8 /* Build configuration list for PBXNativeTarget "Astronomy - Objective-C and Swift" */ = {
			isa = XCConfigurationList;
			buildConfigurations = (
				7BDD3AA825256D780092B0C8 /* Debug */,
				7BDD3AA925256D780092B0C8 /* Release */,
			);
			defaultConfigurationIsVisible = 0;
			defaultConfigurationName = Release;
		};
/* End XCConfigurationList section */
	};
	rootObject = 7BDD3A8625256D760092B0C8 /* Project object */;
}
